
Microsoft Visual Studio Solution File, Format Version 12.00
# Visual Studio Version 17
VisualStudioVersion = 17.9.34902.65
MinimumVisualStudioVersion = 10.0.40219.1
Project("{FAE04EC0-301F-11D3-BF4B-00C04F79EFBC}") = "site_jeux_certif", "site_jeux_certif.csproj", "{D23AABFC-BF9E-43D7-82EE-0C3B18E8EA51}"
EndProject
Global
	GlobalSection(SolutionConfigurationPlatforms) = preSolution
		Debug|Any CPU = Debug|Any CPU
		Release|Any CPU = Release|Any CPU
	EndGlobalSection
	GlobalSection(ProjectConfigurationPlatforms) = postSolution
		{D23AABFC-BF9E-43D7-82EE-0C3B18E8EA51}.Debug|Any CPU.ActiveCfg = Debug|Any CPU
		{D23AABFC-BF9E-43D7-82EE-0C3B18E8EA51}.Debug|Any CPU.Build.0 = Debug|Any CPU
		{D23AABFC-BF9E-43D7-82EE-0C3B18E8EA51}.Release|Any CPU.ActiveCfg = Release|Any CPU
		{D23AABFC-BF9E-43D7-82EE-0C3B18E8EA51}.Release|Any CPU.Build.0 = Release|Any CPU
	EndGlobalSection
	GlobalSection(SolutionProperties) = preSolution
		HideSolutionNode = FALSE
	EndGlobalSection
	GlobalSection(ExtensibilityGlobals) = postSolution
		SolutionGuid = {5D44A013-BC38-4625-87E0-A888C4B1A73E}
	EndGlobalSection
EndGlobal
